
Microsoft Visual Studio Solution File, Format Version 12.00
# Visual Studio Version 16
VisualStudioVersion = 16.0.30011.22
MinimumVisualStudioVersion = 10.0.40219.1
Project("{FAE04EC0-301F-11D3-BF4B-00C04F79EFBC}") = "BirdBackend", "BirdBackend.csproj", "{B6E13BC5-4796-453F-A002-EA47DF8E3FB0}"
EndProject
Global
	GlobalSection(SolutionConfigurationPlatforms) = preSolution
		Debug|Any CPU = Debug|Any CPU
		Release|Any CPU = Release|Any CPU
	EndGlobalSection
	GlobalSection(ProjectConfigurationPlatforms) = postSolution
		{B6E13BC5-4796-453F-A002-EA47DF8E3FB0}.Debug|Any CPU.ActiveCfg = Debug|Any CPU
		{B6E13BC5-4796-453F-A002-EA47DF8E3FB0}.Debug|Any CPU.Build.0 = Debug|Any CPU
		{B6E13BC5-4796-453F-A002-EA47DF8E3FB0}.Release|Any CPU.ActiveCfg = Release|Any CPU
		{B6E13BC5-4796-453F-A002-EA47DF8E3FB0}.Release|Any CPU.Build.0 = Release|Any CPU
	EndGlobalSection
	GlobalSection(SolutionProperties) = preSolution
		HideSolutionNode = FALSE
	EndGlobalSection
	GlobalSection(ExtensibilityGlobals) = postSolution
		SolutionGuid = {788C996F-E0CB-4156-B444-92A7FE37A7F8}
	EndGlobalSection
EndGlobal
